
Microsoft Visual Studio Solution File, Format Version 12.00
# Visual Studio Version 17
VisualStudioVersion = 17.8.34525.116
MinimumVisualStudioVersion = 10.0.40219.1
Project("{FAE04EC0-301F-11D3-BF4B-00C04F79EFBC}") = "BLOG-DESARROLLO3", "BLOG-DESARROLLO3\BLOG-DESARROLLO3.csproj", "{130AA7A8-15FA-4B93-AA2D-AF82690D499D}"
EndProject
Global
	GlobalSection(SolutionConfigurationPlatforms) = preSolution
		Debug|Any CPU = Debug|Any CPU
		Release|Any CPU = Release|Any CPU
	EndGlobalSection
	GlobalSection(ProjectConfigurationPlatforms) = postSolution
		{130AA7A8-15FA-4B93-AA2D-AF82690D499D}.Debug|Any CPU.ActiveCfg = Debug|Any CPU
		{130AA7A8-15FA-4B93-AA2D-AF82690D499D}.Debug|Any CPU.Build.0 = Debug|Any CPU
		{130AA7A8-15FA-4B93-AA2D-AF82690D499D}.Release|Any CPU.ActiveCfg = Release|Any CPU
		{130AA7A8-15FA-4B93-AA2D-AF82690D499D}.Release|Any CPU.Build.0 = Release|Any CPU
	EndGlobalSection
	GlobalSection(SolutionProperties) = preSolution
		HideSolutionNode = FALSE
	EndGlobalSection
	GlobalSection(ExtensibilityGlobals) = postSolution
		SolutionGuid = {F6FE620D-4D85-409C-AF13-C705530E4FDA}
	EndGlobalSection
EndGlobal
